
Microsoft Visual Studio Solution File, Format Version 12.00
# Visual Studio Version 16
VisualStudioVersion = 16.0.29905.134
MinimumVisualStudioVersion = 10.0.40219.1
Project("{FAE04EC0-301F-11D3-BF4B-00C04F79EFBC}") = "RacingCar", "RacingCar.csproj", "{1979F9E4-A060-4141-A690-7EDEAE78C21A}"
EndProject
Global
	GlobalSection(SolutionConfigurationPlatforms) = preSolution
		Debug|Any CPU = Debug|Any CPU
		Release|Any CPU = Release|Any CPU
	EndGlobalSection
	GlobalSection(ProjectConfigurationPlatforms) = postSolution
		{1979F9E4-A060-4141-A690-7EDEAE78C21A}.Debug|Any CPU.ActiveCfg = Debug|Any CPU
		{1979F9E4-A060-4141-A690-7EDEAE78C21A}.Debug|Any CPU.Build.0 = Debug|Any CPU
		{1979F9E4-A060-4141-A690-7EDEAE78C21A}.Release|Any CPU.ActiveCfg = Release|Any CPU
		{1979F9E4-A060-4141-A690-7EDEAE78C21A}.Release|Any CPU.Build.0 = Release|Any CPU
	EndGlobalSection
	GlobalSection(SolutionProperties) = preSolution
		HideSolutionNode = FALSE
	EndGlobalSection
	GlobalSection(ExtensibilityGlobals) = postSolution
		SolutionGuid = {B9E7BC79-F1C2-47C3-9E26-4DC6DC6194D5}
	EndGlobalSection
EndGlobal
